
Microsoft Visual Studio Solution File, Format Version 12.00
# Visual Studio 15
Project("{FAE04EC0-301F-11D3-BF4B-00C04F79EFBC}") = "UFOV2", "UFOV2.csproj", "{02B66DE7-F27A-946E-3170-64151D452A12}"
EndProject
Global
	GlobalSection(SolutionConfigurationPlatforms) = preSolution
		Debug|Any CPU = Debug|Any CPU
		Release|Any CPU = Release|Any CPU
	EndGlobalSection
	GlobalSection(ProjectConfigurationPlatforms) = postSolution
		{02B66DE7-F27A-946E-3170-64151D452A12}.Debug|Any CPU.ActiveCfg = Debug|Any CPU
		{02B66DE7-F27A-946E-3170-64151D452A12}.Debug|Any CPU.Build.0 = Debug|Any CPU
		{02B66DE7-F27A-946E-3170-64151D452A12}.Release|Any CPU.ActiveCfg = Release|Any CPU
		{02B66DE7-F27A-946E-3170-64151D452A12}.Release|Any CPU.Build.0 = Release|Any CPU
	EndGlobalSection
	GlobalSection(SolutionProperties) = preSolution
		HideSolutionNode = FALSE
	EndGlobalSection
EndGlobal
